// !$*UTF8*$!
{
	archiveVersion = 1;
	classes = {
	};
	objectVersion = 46;
	objects = {

/* Begin PBXBuildFile section */
		93AED2AD15471A3400BD82E2 /* Foundation.framework in Frameworks */ = {isa = PBXBuildFile; fileRef = 93AED2AC15471A3400BD82E2 /* Foundation.framework */; };
		93AED2AF15471A3400BD82E2 /* UIKit.framework in Frameworks */ = {isa = PBXBuildFile; fileRef = 93AED2AE15471A3400BD82E2 /* UIKit.framework */; };
		93AED2B115471A3400BD82E2 /* CoreGraphics.framework in Frameworks */ = {isa = PBXBuildFile; fileRef = 93AED2B015471A3400BD82E2 /* CoreGraphics.framework */; };
		93AED2B315471A3400BD82E2 /* AddressBook.framework in Frameworks */ = {isa = PBXBuildFile; fileRef = 93AED2B215471A3400BD82E2 /* AddressBook.framework */; };
		93AED2B515471A3400BD82E2 /* AddressBookUI.framework in Frameworks */ = {isa = PBXBuildFile; fileRef = 93AED2B415471A3400BD82E2 /* AddressBookUI.framework */; };
		93AED2B715471A3400BD82E2 /* AudioToolbox.framework in Frameworks */ = {isa = PBXBuildFile; fileRef = 93AED2B615471A3400BD82E2 /* AudioToolbox.framework */; };
		93AED2B915471A3400BD82E2 /* AVFoundation.framework in Frameworks */ = {isa = PBXBuildFile; fileRef = 93AED2B815471A3400BD82E2 /* AVFoundation.framework */; };
		93AED2BB15471A3400BD82E2 /* CoreLocation.framework in Frameworks */ = {isa = PBXBuildFile; fileRef = 93AED2BA15471A3400BD82E2 /* CoreLocation.framework */; };
		93AED2BD15471A3400BD82E2 /* MediaPlayer.framework in Frameworks */ = {isa = PBXBuildFile; fileRef = 93AED2BC15471A3400BD82E2 /* MediaPlayer.framework */; };
		93AED2BF15471A3400BD82E2 /* QuartzCore.framework in Frameworks */ = {isa = PBXBuildFile; fileRef = 93AED2BE15471A3400BD82E2 /* QuartzCore.framework */; };
		93AED2C115471A3400BD82E2 /* SystemConfiguration.framework in Frameworks */ = {isa = PBXBuildFile; fileRef = 93AED2C015471A3400BD82E2 /* SystemConfiguration.framework */; };
		93AED2C315471A3400BD82E2 /* MobileCoreServices.framework in Frameworks */ = {isa = PBXBuildFile; fileRef = 93AED2C215471A3400BD82E2 /* MobileCoreServices.framework */; };
		93AED2C515471A3400BD82E2 /* CoreMedia.framework in Frameworks */ = {isa = PBXBuildFile; fileRef = 93AED2C415471A3400BD82E2 /* CoreMedia.framework */; };
		93AED2CB15471A3400BD82E2 /* InfoPlist.strings in Resources */ = {isa = PBXBuildFile; fileRef = 93AED2C915471A3400BD82E2 /* InfoPlist.strings */; };
		93AED2CD15471A3400BD82E2 /* main.m in Sources */ = {isa = PBXBuildFile; fileRef = 93AED2CC15471A3400BD82E2 /* main.m */; };
		93AED2D015471A3400BD82E2 /* Cordova.framework in Frameworks */ = {isa = PBXBuildFile; fileRef = 93AED2CF15471A3400BD82E2 /* Cordova.framework */; };
		93AED2D515471A3400BD82E2 /* Localizable.strings in Resources */ = {isa = PBXBuildFile; fileRef = 93AED2D315471A3400BD82E2 /* Localizable.strings */; };
		93AED2D915471A3400BD82E2 /* Localizable.strings in Resources */ = {isa = PBXBuildFile; fileRef = 93AED2D715471A3400BD82E2 /* Localizable.strings */; };
		93AED2DD15471A3400BD82E2 /* Localizable.strings in Resources */ = {isa = PBXBuildFile; fileRef = 93AED2DB15471A3400BD82E2 /* Localizable.strings */; };
		93AED2E115471A3400BD82E2 /* Localizable.strings in Resources */ = {isa = PBXBuildFile; fileRef = 93AED2DF15471A3400BD82E2 /* Localizable.strings */; };
		93AED2EF15471A3500BD82E2 /* Capture.bundle in Resources */ = {isa = PBXBuildFile; fileRef = 93AED2EE15471A3500BD82E2 /* Capture.bundle */; };
		93AED2F115471A3500BD82E2 /* Cordova.plist in Resources */ = {isa = PBXBuildFile; fileRef = 93AED2F015471A3500BD82E2 /* Cordova.plist */; };
		93AED2F515471A3500BD82E2 /* AppDelegate.m in Sources */ = {isa = PBXBuildFile; fileRef = 93AED2F415471A3500BD82E2 /* AppDelegate.m */; };
		93AED2F815471A3500BD82E2 /* MainViewController.m in Sources */ = {isa = PBXBuildFile; fileRef = 93AED2F715471A3500BD82E2 /* MainViewController.m */; };
		93AED2FA15471A3500BD82E2 /* MainViewController.xib in Resources */ = {isa = PBXBuildFile; fileRef = 93AED2F915471A3500BD82E2 /* MainViewController.xib */; };
		93AED2FE15471A3500BD82E2 /* verify.sh in Resources */ = {isa = PBXBuildFile; fileRef = 93AED2FD15471A3500BD82E2 /* verify.sh */; };
		93AED30915471ECA00BD82E2 /* www in Resources */ = {isa = PBXBuildFile; fileRef = 93AED30815471ECA00BD82E2 /* www */; };
		93AED3171547213E00BD82E2 /* icon-72.png in Resources */ = {isa = PBXBuildFile; fileRef = 93AED3101547213E00BD82E2 /* icon-72.png */; };
		93AED3181547213E00BD82E2 /* Icon-72@2x.png in Resources */ = {isa = PBXBuildFile; fileRef = 93AED3111547213E00BD82E2 /* Icon-72@2x.png */; };
		93AED3191547213E00BD82E2 /* Icon-Small-50.png in Resources */ = {isa = PBXBuildFile; fileRef = 93AED3121547213E00BD82E2 /* Icon-Small-50.png */; };
		93AED31A1547213E00BD82E2 /* Icon-Small.png in Resources */ = {isa = PBXBuildFile; fileRef = 93AED3131547213E00BD82E2 /* Icon-Small.png */; };
		93AED31B1547213E00BD82E2 /* Icon-Small@2x.png in Resources */ = {isa = PBXBuildFile; fileRef = 93AED3141547213E00BD82E2 /* Icon-Small@2x.png */; };
		93AED31C1547213E00BD82E2 /* icon.png in Resources */ = {isa = PBXBuildFile; fileRef = 93AED3151547213E00BD82E2 /* icon.png */; };
		93AED31D1547213E00BD82E2 /* icon@2x.png in Resources */ = {isa = PBXBuildFile; fileRef = 93AED3161547213E00BD82E2 /* icon@2x.png */; };
		93AED3201547214900BD82E2 /* Default.png in Resources */ = {isa = PBXBuildFile; fileRef = 93AED31E1547214900BD82E2 /* Default.png */; };
		93AED3211547214900BD82E2 /* Default@2x.png in Resources */ = {isa = PBXBuildFile; fileRef = 93AED31F1547214900BD82E2 /* Default@2x.png */; };
/* End PBXBuildFile section */

/* Begin PBXFileReference section */
		93AED2A815471A3400BD82E2 /* KitchensinkCordova.app */ = {isa = PBXFileReference; explicitFileType = wrapper.application; includeInIndex = 0; path = KitchensinkCordova.app; sourceTree = BUILT_PRODUCTS_DIR; };
		93AED2AC15471A3400BD82E2 /* Foundation.framework */ = {isa = PBXFileReference; lastKnownFileType = wrapper.framework; name = Foundation.framework; path = System/Library/Frameworks/Foundation.framework; sourceTree = SDKROOT; };
		93AED2AE15471A3400BD82E2 /* UIKit.framework */ = {isa = PBXFileReference; lastKnownFileType = wrapper.framework; name = UIKit.framework; path = System/Library/Frameworks/UIKit.framework; sourceTree = SDKROOT; };
		93AED2B015471A3400BD82E2 /* CoreGraphics.framework */ = {isa = PBXFileReference; lastKnownFileType = wrapper.framework; name = CoreGraphics.framework; path = System/Library/Frameworks/CoreGraphics.framework; sourceTree = SDKROOT; };
		93AED2B215471A3400BD82E2 /* AddressBook.framework */ = {isa = PBXFileReference; lastKnownFileType = wrapper.framework; name = AddressBook.framework; path = System/Library/Frameworks/AddressBook.framework; sourceTree = SDKROOT; };
		93AED2B415471A3400BD82E2 /* AddressBookUI.framework */ = {isa = PBXFileReference; lastKnownFileType = wrapper.framework; name = AddressBookUI.framework; path = System/Library/Frameworks/AddressBookUI.framework; sourceTree = SDKROOT; };
		93AED2B615471A3400BD82E2 /* AudioToolbox.framework */ = {isa = PBXFileReference; lastKnownFileType = wrapper.framework; name = AudioToolbox.framework; path = System/Library/Frameworks/AudioToolbox.framework; sourceTree = SDKROOT; };
		93AED2B815471A3400BD82E2 /* AVFoundation.framework */ = {isa = PBXFileReference; lastKnownFileType = wrapper.framework; name = AVFoundation.framework; path = System/Library/Frameworks/AVFoundation.framework; sourceTree = SDKROOT; };
		93AED2BA15471A3400BD82E2 /* CoreLocation.framework */ = {isa = PBXFileReference; lastKnownFileType = wrapper.framework; name = CoreLocation.framework; path = System/Library/Frameworks/CoreLocation.framework; sourceTree = SDKROOT; };
		93AED2BC15471A3400BD82E2 /* MediaPlayer.framework */ = {isa = PBXFileReference; lastKnownFileType = wrapper.framework; name = MediaPlayer.framework; path = System/Library/Frameworks/MediaPlayer.framework; sourceTree = SDKROOT; };
		93AED2BE15471A3400BD82E2 /* QuartzCore.framework */ = {isa = PBXFileReference; lastKnownFileType = wrapper.framework; name = QuartzCore.framework; path = System/Library/Frameworks/QuartzCore.framework; sourceTree = SDKROOT; };
		93AED2C015471A3400BD82E2 /* SystemConfiguration.framework */ = {isa = PBXFileReference; lastKnownFileType = wrapper.framework; name = SystemConfiguration.framework; path = System/Library/Frameworks/SystemConfiguration.framework; sourceTree = SDKROOT; };
		93AED2C215471A3400BD82E2 /* MobileCoreServices.framework */ = {isa = PBXFileReference; lastKnownFileType = wrapper.framework; name = MobileCoreServices.framework; path = System/Library/Frameworks/MobileCoreServices.framework; sourceTree = SDKROOT; };
		93AED2C415471A3400BD82E2 /* CoreMedia.framework */ = {isa = PBXFileReference; lastKnownFileType = wrapper.framework; name = CoreMedia.framework; path = System/Library/Frameworks/CoreMedia.framework; sourceTree = SDKROOT; };
		93AED2C815471A3400BD82E2 /* KitchensinkCordova-Info.plist */ = {isa = PBXFileReference; lastKnownFileType = text.plist.xml; path = "KitchensinkCordova-Info.plist"; sourceTree = "<group>"; };
		93AED2CA15471A3400BD82E2 /* en */ = {isa = PBXFileReference; lastKnownFileType = text.plist.strings; name = en; path = en.lproj/InfoPlist.strings; sourceTree = "<group>"; };
		93AED2CC15471A3400BD82E2 /* main.m */ = {isa = PBXFileReference; lastKnownFileType = sourcecode.c.objc; path = main.m; sourceTree = "<group>"; };
		93AED2CE15471A3400BD82E2 /* KitchensinkCordova-Prefix.pch */ = {isa = PBXFileReference; lastKnownFileType = sourcecode.c.h; path = "KitchensinkCordova-Prefix.pch"; sourceTree = "<group>"; };
		93AED2CF15471A3400BD82E2 /* Cordova.framework */ = {isa = PBXFileReference; lastKnownFileType = wrapper.framework; name = Cordova.framework; path = /Users/Shared/Cordova/Frameworks/Cordova.framework; sourceTree = "<absolute>"; };
		93AED2D415471A3400BD82E2 /* en */ = {isa = PBXFileReference; lastKnownFileType = text.plist.strings; name = en; path = Resources/en.lproj/Localizable.strings; sourceTree = "<group>"; };
		93AED2D815471A3400BD82E2 /* es */ = {isa = PBXFileReference; lastKnownFileType = text.plist.strings; name = es; path = Resources/es.lproj/Localizable.strings; sourceTree = "<group>"; };
		93AED2DC15471A3400BD82E2 /* de */ = {isa = PBXFileReference; lastKnownFileType = text.plist.strings; name = de; path = Resources/de.lproj/Localizable.strings; sourceTree = "<group>"; };
		93AED2E015471A3400BD82E2 /* se */ = {isa = PBXFileReference; lastKnownFileType = text.plist.strings; name = se; path = Resources/se.lproj/Localizable.strings; sourceTree = "<group>"; };
		93AED2EE15471A3500BD82E2 /* Capture.bundle */ = {isa = PBXFileReference; lastKnownFileType = "wrapper.plug-in"; name = Capture.bundle; path = Resources/Capture.bundle; sourceTree = "<group>"; };
		93AED2F015471A3500BD82E2 /* Cordova.plist */ = {isa = PBXFileReference; lastKnownFileType = text.plist.xml; path = Cordova.plist; sourceTree = "<group>"; };
		93AED2F315471A3500BD82E2 /* AppDelegate.h */ = {isa = PBXFileReference; lastKnownFileType = sourcecode.c.h; name = AppDelegate.h; path = Classes/AppDelegate.h; sourceTree = "<group>"; };
		93AED2F415471A3500BD82E2 /* AppDelegate.m */ = {isa = PBXFileReference; lastKnownFileType = sourcecode.c.objc; name = AppDelegate.m; path = Classes/AppDelegate.m; sourceTree = "<group>"; };
		93AED2F615471A3500BD82E2 /* MainViewController.h */ = {isa = PBXFileReference; lastKnownFileType = sourcecode.c.h; name = MainViewController.h; path = Classes/MainViewController.h; sourceTree = "<group>"; };
		93AED2F715471A3500BD82E2 /* MainViewController.m */ = {isa = PBXFileReference; lastKnownFileType = sourcecode.c.objc; name = MainViewController.m; path = Classes/MainViewController.m; sourceTree = "<group>"; };
		93AED2F915471A3500BD82E2 /* MainViewController.xib */ = {isa = PBXFileReference; lastKnownFileType = file.xib; name = MainViewController.xib; path = Classes/MainViewController.xib; sourceTree = "<group>"; };
		93AED2FC15471A3500BD82E2 /* README */ = {isa = PBXFileReference; lastKnownFileType = text; name = README; path = Plugins/README; sourceTree = "<group>"; };
		93AED2FD15471A3500BD82E2 /* verify.sh */ = {isa = PBXFileReference; lastKnownFileType = text.script.sh; path = verify.sh; sourceTree = "<group>"; };
		93AED30815471ECA00BD82E2 /* www */ = {isa = PBXFileReference; lastKnownFileType = folder; path = www; sourceTree = "<group>"; };
		93AED3101547213E00BD82E2 /* icon-72.png */ = {isa = PBXFileReference; lastKnownFileType = image.png; name = "icon-72.png"; path = "Resources/icons/icon-72.png"; sourceTree = "<group>"; };
		93AED3111547213E00BD82E2 /* Icon-72@2x.png */ = {isa = PBXFileReference; lastKnownFileType = image.png; name = "Icon-72@2x.png"; path = "Resources/icons/Icon-72@2x.png"; sourceTree = "<group>"; };
		93AED3121547213E00BD82E2 /* Icon-Small-50.png */ = {isa = PBXFileReference; lastKnownFileType = image.png; name = "Icon-Small-50.png"; path = "Resources/icons/Icon-Small-50.png"; sourceTree = "<group>"; };
		93AED3131547213E00BD82E2 /* Icon-Small.png */ = {isa = PBXFileReference; lastKnownFileType = image.png; name = "Icon-Small.png"; path = "Resources/icons/Icon-Small.png"; sourceTree = "<group>"; };
		93AED3141547213E00BD82E2 /* Icon-Small@2x.png */ = {isa = PBXFileReference; lastKnownFileType = image.png; name = "Icon-Small@2x.png"; path = "Resources/icons/Icon-Small@2x.png"; sourceTree = "<group>"; };
		93AED3151547213E00BD82E2 /* icon.png */ = {isa = PBXFileReference; lastKnownFileType = image.png; name = icon.png; path = Resources/icons/icon.png; sourceTree = "<group>"; };
		93AED3161547213E00BD82E2 /* icon@2x.png */ = {isa = PBXFileReference; lastKnownFileType = image.png; name = "icon@2x.png"; path = "Resources/icons/icon@2x.png"; sourceTree = "<group>"; };
		93AED31E1547214900BD82E2 /* Default.png */ = {isa = PBXFileReference; lastKnownFileType = image.png; name = Default.png; path = Resources/splash/Default.png; sourceTree = "<group>"; };
		93AED31F1547214900BD82E2 /* Default@2x.png */ = {isa = PBXFileReference; lastKnownFileType = image.png; name = "Default@2x.png"; path = "Resources/splash/Default@2x.png"; sourceTree = "<group>"; };
/* End PBXFileReference section */

/* Begin PBXFrameworksBuildPhase section */
		93AED2A215471A3400BD82E2 /* Frameworks */ = {
			isa = PBXFrameworksBuildPhase;
			buildActionMask = 2147483647;
			files = (
				93AED2AD15471A3400BD82E2 /* Foundation.framework in Frameworks */,
				93AED2AF15471A3400BD82E2 /* UIKit.framework in Frameworks */,
				93AED2B115471A3400BD82E2 /* CoreGraphics.framework in Frameworks */,
				93AED2B315471A3400BD82E2 /* AddressBook.framework in Frameworks */,
				93AED2B515471A3400BD82E2 /* AddressBookUI.framework in Frameworks */,
				93AED2B715471A3400BD82E2 /* AudioToolbox.framework in Frameworks */,
				93AED2B915471A3400BD82E2 /* AVFoundation.framework in Frameworks */,
				93AED2BB15471A3400BD82E2 /* CoreLocation.framework in Frameworks */,
				93AED2BD15471A3400BD82E2 /* MediaPlayer.framework in Frameworks */,
				93AED2BF15471A3400BD82E2 /* QuartzCore.framework in Frameworks */,
				93AED2C115471A3400BD82E2 /* SystemConfiguration.framework in Frameworks */,
				93AED2C315471A3400BD82E2 /* MobileCoreServices.framework in Frameworks */,
				93AED2C515471A3400BD82E2 /* CoreMedia.framework in Frameworks */,
				93AED2D015471A3400BD82E2 /* Cordova.framework in Frameworks */,
			);
			runOnlyForDeploymentPostprocessing = 0;
		};
		93AED2A515471A3400BD82E2 /* Frameworks */ = {
			isa = PBXFrameworksBuildPhase;
			buildActionMask = 2147483647;
			files = (
			);
			runOnlyForDeploymentPostprocessing = 0;
		};
/* End PBXFrameworksBuildPhase section */

/* Begin PBXGroup section */
		93AED29A15471A3400BD82E2 = {
			isa = PBXGroup;
			children = (
				93AED30815471ECA00BD82E2 /* www */,
				93AED2C615471A3400BD82E2 /* KitchensinkCordova */,
				93AED2AB15471A3400BD82E2 /* Frameworks */,
				93AED2A915471A3400BD82E2 /* Products */,
			);
			sourceTree = "<group>";
		};
		93AED2A915471A3400BD82E2 /* Products */ = {
			isa = PBXGroup;
			children = (
				93AED2A815471A3400BD82E2 /* KitchensinkCordova.app */,
			);
			name = Products;
			sourceTree = "<group>";
		};
		93AED2AB15471A3400BD82E2 /* Frameworks */ = {
			isa = PBXGroup;
			children = (
				93AED2AC15471A3400BD82E2 /* Foundation.framework */,
				93AED2AE15471A3400BD82E2 /* UIKit.framework */,
				93AED2B015471A3400BD82E2 /* CoreGraphics.framework */,
				93AED2B215471A3400BD82E2 /* AddressBook.framework */,
				93AED2B415471A3400BD82E2 /* AddressBookUI.framework */,
				93AED2B615471A3400BD82E2 /* AudioToolbox.framework */,
				93AED2B815471A3400BD82E2 /* AVFoundation.framework */,
				93AED2BA15471A3400BD82E2 /* CoreLocation.framework */,
				93AED2BC15471A3400BD82E2 /* MediaPlayer.framework */,
				93AED2BE15471A3400BD82E2 /* QuartzCore.framework */,
				93AED2C015471A3400BD82E2 /* SystemConfiguration.framework */,
				93AED2C215471A3400BD82E2 /* MobileCoreServices.framework */,
				93AED2C415471A3400BD82E2 /* CoreMedia.framework */,
			);
			name = Frameworks;
			sourceTree = "<group>";
		};
		93AED2C615471A3400BD82E2 /* KitchensinkCordova */ = {
			isa = PBXGroup;
			children = (
				93AED2CF15471A3400BD82E2 /* Cordova.framework */,
				93AED2D115471A3400BD82E2 /* Resources */,
				93AED2F215471A3500BD82E2 /* Classes */,
				93AED2FB15471A3500BD82E2 /* Plugins */,
				93AED2C715471A3400BD82E2 /* Supporting Files */,
			);
			path = KitchensinkCordova;
			sourceTree = "<group>";
		};
		93AED2C715471A3400BD82E2 /* Supporting Files */ = {
			isa = PBXGroup;
			children = (
				93AED2C815471A3400BD82E2 /* KitchensinkCordova-Info.plist */,
				93AED2C915471A3400BD82E2 /* InfoPlist.strings */,
				93AED2CC15471A3400BD82E2 /* main.m */,
				93AED2CE15471A3400BD82E2 /* KitchensinkCordova-Prefix.pch */,
				93AED2F015471A3500BD82E2 /* Cordova.plist */,
				93AED2F915471A3500BD82E2 /* MainViewController.xib */,
				93AED2FD15471A3500BD82E2 /* verify.sh */,
			);
			name = "Supporting Files";
			sourceTree = "<group>";
		};
		93AED2D115471A3400BD82E2 /* Resources */ = {
			isa = PBXGroup;
			children = (
				93AED2EE15471A3500BD82E2 /* Capture.bundle */,
				93AED2D215471A3400BD82E2 /* en.lproj */,
				93AED2D615471A3400BD82E2 /* es.lproj */,
				93AED2DA15471A3400BD82E2 /* de.lproj */,
				93AED2DE15471A3400BD82E2 /* se.lproj */,
				93AED2E215471A3400BD82E2 /* icons */,
				93AED2E915471A3400BD82E2 /* splash */,
			);
			name = Resources;
			sourceTree = "<group>";
		};
		93AED2D215471A3400BD82E2 /* en.lproj */ = {
			isa = PBXGroup;
			children = (
				93AED2D315471A3400BD82E2 /* Localizable.strings */,
			);
			name = en.lproj;
			sourceTree = "<group>";
		};
		93AED2D615471A3400BD82E2 /* es.lproj */ = {
			isa = PBXGroup;
			children = (
				93AED2D715471A3400BD82E2 /* Localizable.strings */,
			);
			name = es.lproj;
			sourceTree = "<group>";
		};
		93AED2DA15471A3400BD82E2 /* de.lproj */ = {
			isa = PBXGroup;
			children = (
				93AED2DB15471A3400BD82E2 /* Localizable.strings */,
			);
			name = de.lproj;
			sourceTree = "<group>";
		};
		93AED2DE15471A3400BD82E2 /* se.lproj */ = {
			isa = PBXGroup;
			children = (
				93AED2DF15471A3400BD82E2 /* Localizable.strings */,
			);
			name = se.lproj;
			sourceTree = "<group>";
		};
		93AED2E215471A3400BD82E2 /* icons */ = {
			isa = PBXGroup;
			children = (
				93AED3101547213E00BD82E2 /* icon-72.png */,
				93AED3111547213E00BD82E2 /* Icon-72@2x.png */,
				93AED3121547213E00BD82E2 /* Icon-Small-50.png */,
				93AED3131547213E00BD82E2 /* Icon-Small.png */,
				93AED3141547213E00BD82E2 /* Icon-Small@2x.png */,
				93AED3151547213E00BD82E2 /* icon.png */,
				93AED3161547213E00BD82E2 /* icon@2x.png */,
			);
			name = icons;
			sourceTree = "<group>";
		};
		93AED2E915471A3400BD82E2 /* splash */ = {
			isa = PBXGroup;
			children = (
				93AED31E1547214900BD82E2 /* Default.png */,
				93AED31F1547214900BD82E2 /* Default@2x.png */,
			);
			name = splash;
			sourceTree = "<group>";
		};
		93AED2F215471A3500BD82E2 /* Classes */ = {
			isa = PBXGroup;
			children = (
				93AED2F315471A3500BD82E2 /* AppDelegate.h */,
				93AED2F415471A3500BD82E2 /* AppDelegate.m */,
				93AED2F615471A3500BD82E2 /* MainViewController.h */,
				93AED2F715471A3500BD82E2 /* MainViewController.m */,
			);
			name = Classes;
			sourceTree = "<group>";
		};
		93AED2FB15471A3500BD82E2 /* Plugins */ = {
			isa = PBXGroup;
			children = (
				93AED2FC15471A3500BD82E2 /* README */,
			);
			name = Plugins;
			sourceTree = "<group>";
		};
/* End PBXGroup section */

/* Begin PBXNativeTarget section */
		93AED2A715471A3400BD82E2 /* KitchensinkCordova */ = {
			isa = PBXNativeTarget;
			buildConfigurationList = 93AED30115471A3500BD82E2 /* Build configuration list for PBXNativeTarget "KitchensinkCordova" */;
			buildPhases = (
				93AED2A115471A3400BD82E2 /* Sources */,
				93AED2A215471A3400BD82E2 /* Frameworks */,
				93AED2A315471A3400BD82E2 /* Resources */,
				93AED2A415471A3400BD82E2 /* Sources */,
				93AED2A515471A3400BD82E2 /* Frameworks */,
				93AED2A615471A3400BD82E2 /* ShellScript */,
			);
			buildRules = (
			);
			dependencies = (
			);
			name = KitchensinkCordova;
			productName = KitchensinkCordova;
			productReference = 93AED2A815471A3400BD82E2 /* KitchensinkCordova.app */;
			productType = "com.apple.product-type.application";
		};
/* End PBXNativeTarget section */

/* Begin PBXProject section */
		93AED29C15471A3400BD82E2 /* Project object */ = {
			isa = PBXProject;
			attributes = {
				LastUpgradeCheck = 0430;
			};
			buildConfigurationList = 93AED29F15471A3400BD82E2 /* Build configuration list for PBXProject "KitchensinkCordova" */;
			compatibilityVersion = "Xcode 3.2";
			developmentRegion = English;
			hasScannedForEncodings = 0;
			knownRegions = (
				en,
				es,
				de,
				se,
			);
			mainGroup = 93AED29A15471A3400BD82E2;
			productRefGroup = 93AED2A915471A3400BD82E2 /* Products */;
			projectDirPath = "";
			projectRoot = "";
			targets = (
				93AED2A715471A3400BD82E2 /* KitchensinkCordova */,
			);
		};
/* End PBXProject section */

/* Begin PBXResourcesBuildPhase section */
		93AED2A315471A3400BD82E2 /* Resources */ = {
			isa = PBXResourcesBuildPhase;
			buildActionMask = 2147483647;
			files = (
				93AED2CB15471A3400BD82E2 /* InfoPlist.strings in Resources */,
				93AED2D515471A3400BD82E2 /* Localizable.strings in Resources */,
				93AED2D915471A3400BD82E2 /* Localizable.strings in Resources */,
				93AED2DD15471A3400BD82E2 /* Localizable.strings in Resources */,
				93AED2E115471A3400BD82E2 /* Localizable.strings in Resources */,
				93AED2EF15471A3500BD82E2 /* Capture.bundle in Resources */,
				93AED2F115471A3500BD82E2 /* Cordova.plist in Resources */,
				93AED2FA15471A3500BD82E2 /* MainViewController.xib in Resources */,
				93AED2FE15471A3500BD82E2 /* verify.sh in Resources */,
				93AED30915471ECA00BD82E2 /* www in Resources */,
				93AED3171547213E00BD82E2 /* icon-72.png in Resources */,
				93AED3181547213E00BD82E2 /* Icon-72@2x.png in Resources */,
				93AED3191547213E00BD82E2 /* Icon-Small-50.png in Resources */,
				93AED31A1547213E00BD82E2 /* Icon-Small.png in Resources */,
				93AED31B1547213E00BD82E2 /* Icon-Small@2x.png in Resources */,
				93AED31C1547213E00BD82E2 /* icon.png in Resources */,
				93AED31D1547213E00BD82E2 /* icon@2x.png in Resources */,
				93AED3201547214900BD82E2 /* Default.png in Resources */,
				93AED3211547214900BD82E2 /* Default@2x.png in Resources */,
			);
			runOnlyForDeploymentPostprocessing = 0;
		};
/* End PBXResourcesBuildPhase section */

/* Begin PBXShellScriptBuildPhase section */
		93AED2A615471A3400BD82E2 /* ShellScript */ = {
			isa = PBXShellScriptBuildPhase;
			buildActionMask = 2147483647;
			files = (
			);
			inputPaths = (
			);
			outputPaths = (
			);
			runOnlyForDeploymentPostprocessing = 0;
			shellPath = /bin/bash;
			shellScript = "\n\t\t\t\t\t\t\t\tchmod 755 \"$PROJECT_DIR/$PROJECT_NAME/verify.sh\"\n\t\t\t\t\t\t\t\t\"$PROJECT_DIR/$PROJECT_NAME/verify.sh\"\n\t\t\t\t\t";
		};
/* End PBXShellScriptBuildPhase section */

/* Begin PBXSourcesBuildPhase section */
		93AED2A115471A3400BD82E2 /* Sources */ = {
			isa = PBXSourcesBuildPhase;
			buildActionMask = 2147483647;
			files = (
				93AED2CD15471A3400BD82E2 /* main.m in Sources */,
				93AED2F515471A3500BD82E2 /* AppDelegate.m in Sources */,
				93AED2F815471A3500BD82E2 /* MainViewController.m in Sources */,
			);
			runOnlyForDeploymentPostprocessing = 0;
		};
		93AED2A415471A3400BD82E2 /* Sources */ = {
			isa = PBXSourcesBuildPhase;
			buildActionMask = 2147483647;
			files = (
			);
			runOnlyForDeploymentPostprocessing = 0;
		};
/* End PBXSourcesBuildPhase section */

/* Begin PBXVariantGroup section */
		93AED2C915471A3400BD82E2 /* InfoPlist.strings */ = {
			isa = PBXVariantGroup;
			children = (
				93AED2CA15471A3400BD82E2 /* en */,
			);
			name = InfoPlist.strings;
			sourceTree = "<group>";
		};
		93AED2D315471A3400BD82E2 /* Localizable.strings */ = {
			isa = PBXVariantGroup;
			children = (
				93AED2D415471A3400BD82E2 /* en */,
			);
			name = Localizable.strings;
			sourceTree = "<group>";
		};
		93AED2D715471A3400BD82E2 /* Localizable.strings */ = {
			isa = PBXVariantGroup;
			children = (
				93AED2D815471A3400BD82E2 /* es */,
			);
			name = Localizable.strings;
			sourceTree = "<group>";
		};
		93AED2DB15471A3400BD82E2 /* Localizable.strings */ = {
			isa = PBXVariantGroup;
			children = (
				93AED2DC15471A3400BD82E2 /* de */,
			);
			name = Localizable.strings;
			sourceTree = "<group>";
		};
		93AED2DF15471A3400BD82E2 /* Localizable.strings */ = {
			isa = PBXVariantGroup;
			children = (
				93AED2E015471A3400BD82E2 /* se */,
			);
			name = Localizable.strings;
			sourceTree = "<group>";
		};
/* End PBXVariantGroup section */

/* Begin XCBuildConfiguration section */
		93AED2FF15471A3500BD82E2 /* Debug */ = {
			isa = XCBuildConfiguration;
			buildSettings = {
				ALWAYS_SEARCH_USER_PATHS = NO;
				ARCHS = (
					armv6,
					"$(ARCHS_STANDARD_32_BIT)",
				);
				"CODE_SIGN_IDENTITY[sdk=iphoneos*]" = "";
				COPY_PHASE_STRIP = NO;
				GCC_C_LANGUAGE_STANDARD = gnu99;
				GCC_DYNAMIC_NO_PIC = NO;
				GCC_OPTIMIZATION_LEVEL = 0;
				GCC_PREPROCESSOR_DEFINITIONS = (
					"DEBUG=1",
					"$(inherited)",
				);
				GCC_SYMBOLS_PRIVATE_EXTERN = NO;
				GCC_VERSION = com.apple.compilers.llvm.clang.1_0;
				GCC_WARN_ABOUT_RETURN_TYPE = YES;
				GCC_WARN_UNINITIALIZED_AUTOS = YES;
				GCC_WARN_UNUSED_VARIABLE = YES;
				IPHONEOS_DEPLOYMENT_TARGET = 3.0;
				SDKROOT = iphoneos;
			};
			name = Debug;
		};
		93AED30015471A3500BD82E2 /* Release */ = {
			isa = XCBuildConfiguration;
			buildSettings = {
				ALWAYS_SEARCH_USER_PATHS = NO;
				ARCHS = (
					armv6,
					"$(ARCHS_STANDARD_32_BIT)",
				);
				"CODE_SIGN_IDENTITY[sdk=iphoneos*]" = "";
				COPY_PHASE_STRIP = YES;
				GCC_C_LANGUAGE_STANDARD = gnu99;
				GCC_VERSION = com.apple.compilers.llvm.clang.1_0;
				GCC_WARN_ABOUT_RETURN_TYPE = YES;
				GCC_WARN_UNINITIALIZED_AUTOS = YES;
				GCC_WARN_UNUSED_VARIABLE = YES;
				IPHONEOS_DEPLOYMENT_TARGET = 3.0;
				SDKROOT = iphoneos;
				VALIDATE_PRODUCT = YES;
			};
			name = Release;
		};
		93AED30215471A3500BD82E2 /* Debug */ = {
			isa = XCBuildConfiguration;
			buildSettings = {
				ALWAYS_SEARCH_USER_PATHS = YES;
				COPY_PHASE_STRIP = NO;
				FRAMEWORK_SEARCH_PATHS = /Users/Shared/Cordova/Frameworks;
				GCC_DYNAMIC_NO_PIC = NO;
				GCC_PRECOMPILE_PREFIX_HEADER = YES;
				GCC_PREFIX_HEADER = "KitchensinkCordova/KitchensinkCordova-Prefix.pch";
				GCC_PREPROCESSOR_DEFINITIONS = (
					"DEBUG=1,",
					"CORDOVA_FRAMEWORK=1",
				);
				INFOPLIST_FILE = "KitchensinkCordova/KitchensinkCordova-Info.plist";
				OTHER_LDFLAGS = (
					"-weak_framework",
					UIKit,
					"-weak_framework",
					AVFoundation,
					"-weak_framework",
					CoreMedia,
					"-weak_library",
					/usr/lib/libSystem.B.dylib,
				);
				PRODUCT_NAME = "$(TARGET_NAME)";
				TARGETED_DEVICE_FAMILY = "1,2";
				WRAPPER_EXTENSION = app;
			};
			name = Debug;
		};
		93AED30315471A3500BD82E2 /* Release */ = {
			isa = XCBuildConfiguration;
			buildSettings = {
				ALWAYS_SEARCH_USER_PATHS = YES;
				COPY_PHASE_STRIP = YES;
				DEBUG_INFORMATION_FORMAT = "dwarf-with-dsym";
				FRAMEWORK_SEARCH_PATHS = /Users/Shared/Cordova/Frameworks;
				GCC_PRECOMPILE_PREFIX_HEADER = YES;
				GCC_PREFIX_HEADER = "KitchensinkCordova/KitchensinkCordova-Prefix.pch";
				GCC_PREPROCESSOR_DEFINITIONS = (
					"NDEBUG=1,",
					"CORDOVA_FRAMEWORK=1",
				);
				INFOPLIST_FILE = "KitchensinkCordova/KitchensinkCordova-Info.plist";
				OTHER_LDFLAGS = (
					"-weak_framework",
					UIKit,
					"-weak_framework",
					AVFoundation,
					"-weak_framework",
					CoreMedia,
					"-weak_library",
					/usr/lib/libSystem.B.dylib,
				);
				PRODUCT_NAME = "$(TARGET_NAME)";
				TARGETED_DEVICE_FAMILY = "1,2";
				VALIDATE_PRODUCT = YES;
				WRAPPER_EXTENSION = app;
			};
			name = Release;
		};
/* End XCBuildConfiguration section */

/* Begin XCConfigurationList section */
		93AED29F15471A3400BD82E2 /* Build configuration list for PBXProject "KitchensinkCordova" */ = {
			isa = XCConfigurationList;
			buildConfigurations = (
				93AED2FF15471A3500BD82E2 /* Debug */,
				93AED30015471A3500BD82E2 /* Release */,
			);
			defaultConfigurationIsVisible = 0;
			defaultConfigurationName = Release;
		};
		93AED30115471A3500BD82E2 /* Build configuration list for PBXNativeTarget "KitchensinkCordova" */ = {
			isa = XCConfigurationList;
			buildConfigurations = (
				93AED30215471A3500BD82E2 /* Debug */,
				93AED30315471A3500BD82E2 /* Release */,
			);
			defaultConfigurationIsVisible = 0;
			defaultConfigurationName = Release;
		};
/* End XCConfigurationList section */
	};
	rootObject = 93AED29C15471A3400BD82E2 /* Project object */;
}
